
Microsoft Visual Studio Solution File, Format Version 12.00
# Visual Studio Version 16
VisualStudioVersion = 16.0.31402.337
MinimumVisualStudioVersion = 10.0.40219.1
Project("{FAE04EC0-301F-11D3-BF4B-00C04F79EFBC}") = "SnakeAttack", "SnakeAttack\SnakeAttack.csproj", "{DB4E1909-3725-495E-B080-068D3AE76D25}"
EndProject
Global
	GlobalSection(SolutionConfigurationPlatforms) = preSolution
		Debug|Any CPU = Debug|Any CPU
		Release|Any CPU = Release|Any CPU
	EndGlobalSection
	GlobalSection(ProjectConfigurationPlatforms) = postSolution
		{DB4E1909-3725-495E-B080-068D3AE76D25}.Debug|Any CPU.ActiveCfg = Debug|Any CPU
		{DB4E1909-3725-495E-B080-068D3AE76D25}.Debug|Any CPU.Build.0 = Debug|Any CPU
		{DB4E1909-3725-495E-B080-068D3AE76D25}.Release|Any CPU.ActiveCfg = Release|Any CPU
		{DB4E1909-3725-495E-B080-068D3AE76D25}.Release|Any CPU.Build.0 = Release|Any CPU
	EndGlobalSection
	GlobalSection(SolutionProperties) = preSolution
		HideSolutionNode = FALSE
	EndGlobalSection
	GlobalSection(ExtensibilityGlobals) = postSolution
		SolutionGuid = {80A550E2-9166-45F9-9C7D-86DB9C7BA4A4}
	EndGlobalSection
EndGlobal
